
Microsoft Visual Studio Solution File, Format Version 12.00
# Visual Studio Version 17
VisualStudioVersion = 17.10.35122.118
MinimumVisualStudioVersion = 10.0.40219.1
Project("{FAE04EC0-301F-11D3-BF4B-00C04F79EFBC}") = "AddressBook", "AddressBook\AddressBook.csproj", "{B6A63A4E-6645-473F-B096-D8A0439A33E2}"
EndProject
Project("{FAE04EC0-301F-11D3-BF4B-00C04F79EFBC}") = "BusinessLayer", "BusinessLayer\BusinessLayer.csproj", "{9527EA62-3489-448D-BBD1-555649308691}"
EndProject
Project("{FAE04EC0-301F-11D3-BF4B-00C04F79EFBC}") = "RepositoryLayer", "RepositoryLayer\RepositoryLayer.csproj", "{005F22DE-6BA3-4CB5-9337-370CF39C863D}"
EndProject
Global
	GlobalSection(SolutionConfigurationPlatforms) = preSolution
		Debug|Any CPU = Debug|Any CPU
		Release|Any CPU = Release|Any CPU
	EndGlobalSection
	GlobalSection(ProjectConfigurationPlatforms) = postSolution
		{B6A63A4E-6645-473F-B096-D8A0439A33E2}.Debug|Any CPU.ActiveCfg = Debug|Any CPU
		{B6A63A4E-6645-473F-B096-D8A0439A33E2}.Debug|Any CPU.Build.0 = Debug|Any CPU
		{B6A63A4E-6645-473F-B096-D8A0439A33E2}.Release|Any CPU.ActiveCfg = Release|Any CPU
		{B6A63A4E-6645-473F-B096-D8A0439A33E2}.Release|Any CPU.Build.0 = Release|Any CPU
		{9527EA62-3489-448D-BBD1-555649308691}.Debug|Any CPU.ActiveCfg = Debug|Any CPU
		{9527EA62-3489-448D-BBD1-555649308691}.Debug|Any CPU.Build.0 = Debug|Any CPU
		{9527EA62-3489-448D-BBD1-555649308691}.Release|Any CPU.ActiveCfg = Release|Any CPU
		{9527EA62-3489-448D-BBD1-555649308691}.Release|Any CPU.Build.0 = Release|Any CPU
		{005F22DE-6BA3-4CB5-9337-370CF39C863D}.Debug|Any CPU.ActiveCfg = Debug|Any CPU
		{005F22DE-6BA3-4CB5-9337-370CF39C863D}.Debug|Any CPU.Build.0 = Debug|Any CPU
		{005F22DE-6BA3-4CB5-9337-370CF39C863D}.Release|Any CPU.ActiveCfg = Release|Any CPU
		{005F22DE-6BA3-4CB5-9337-370CF39C863D}.Release|Any CPU.Build.0 = Release|Any CPU
	EndGlobalSection
	GlobalSection(SolutionProperties) = preSolution
		HideSolutionNode = FALSE
	EndGlobalSection
	GlobalSection(ExtensibilityGlobals) = postSolution
		SolutionGuid = {2AC9C03D-9749-49E5-B510-F5F08CF3822B}
	EndGlobalSection
EndGlobal
